
Microsoft Visual Studio Solution File, Format Version 12.00
# Visual Studio Version 17
VisualStudioVersion = 17.8.34525.116
MinimumVisualStudioVersion = 10.0.40219.1
Project("{FAE04EC0-301F-11D3-BF4B-00C04F79EFBC}") = "Magazyn", "Magazyn\Magazyn.csproj", "{C8644657-24AF-4FE3-9B33-B0D8607ED3CC}"
EndProject
Global
	GlobalSection(SolutionConfigurationPlatforms) = preSolution
		Debug|Any CPU = Debug|Any CPU
		Release|Any CPU = Release|Any CPU
	EndGlobalSection
	GlobalSection(ProjectConfigurationPlatforms) = postSolution
		{C8644657-24AF-4FE3-9B33-B0D8607ED3CC}.Debug|Any CPU.ActiveCfg = Debug|Any CPU
		{C8644657-24AF-4FE3-9B33-B0D8607ED3CC}.Debug|Any CPU.Build.0 = Debug|Any CPU
		{C8644657-24AF-4FE3-9B33-B0D8607ED3CC}.Release|Any CPU.ActiveCfg = Release|Any CPU
		{C8644657-24AF-4FE3-9B33-B0D8607ED3CC}.Release|Any CPU.Build.0 = Release|Any CPU
	EndGlobalSection
	GlobalSection(SolutionProperties) = preSolution
		HideSolutionNode = FALSE
	EndGlobalSection
	GlobalSection(ExtensibilityGlobals) = postSolution
		SolutionGuid = {391A11A1-4D9D-4762-B4EB-F577AB6D9363}
	EndGlobalSection
EndGlobal
